
Microsoft Visual Studio Solution File, Format Version 12.00
# Visual Studio Version 16
VisualStudioVersion = 16.0.29209.62
MinimumVisualStudioVersion = 10.0.40219.1
Project("{FAE04EC0-301F-11D3-BF4B-00C04F79EFBC}") = "Krungsri.AppUser.Android", "Krungsri.AppUser\Krungsri.AppUser.Android\Krungsri.AppUser.Android.csproj", "{8FED764F-2F42-4CA6-8994-1AAA9052E18D}"
EndProject
Project("{FAE04EC0-301F-11D3-BF4B-00C04F79EFBC}") = "Krungsri.AppUser.iOS", "Krungsri.AppUser\Krungsri.AppUser.iOS\Krungsri.AppUser.iOS.csproj", "{A1DDD36E-2BF1-4D2F-BC87-4BBA5C643EC6}"
EndProject
Project("{FAE04EC0-301F-11D3-BF4B-00C04F79EFBC}") = "Krungsri.AppUser", "Krungsri.AppUser\Krungsri.AppUser\Krungsri.AppUser.csproj", "{6D7E49D8-4FAE-4FF4-88C2-099B312A3AEF}"
EndProject
Global
	GlobalSection(SolutionConfigurationPlatforms) = preSolution
		Debug|Any CPU = Debug|Any CPU
		Debug|iPhone = Debug|iPhone
		Debug|iPhoneSimulator = Debug|iPhoneSimulator
		Release|Any CPU = Release|Any CPU
		Release|iPhone = Release|iPhone
		Release|iPhoneSimulator = Release|iPhoneSimulator
	EndGlobalSection
	GlobalSection(ProjectConfigurationPlatforms) = postSolution
		{8FED764F-2F42-4CA6-8994-1AAA9052E18D}.Debug|Any CPU.ActiveCfg = Debug|Any CPU
		{8FED764F-2F42-4CA6-8994-1AAA9052E18D}.Debug|Any CPU.Build.0 = Debug|Any CPU
		{8FED764F-2F42-4CA6-8994-1AAA9052E18D}.Debug|Any CPU.Deploy.0 = Debug|Any CPU
		{8FED764F-2F42-4CA6-8994-1AAA9052E18D}.Debug|iPhone.ActiveCfg = Debug|Any CPU
		{8FED764F-2F42-4CA6-8994-1AAA9052E18D}.Debug|iPhone.Build.0 = Debug|Any CPU
		{8FED764F-2F42-4CA6-8994-1AAA9052E18D}.Debug|iPhone.Deploy.0 = Debug|Any CPU
		{8FED764F-2F42-4CA6-8994-1AAA9052E18D}.Debug|iPhoneSimulator.ActiveCfg = Debug|Any CPU
		{8FED764F-2F42-4CA6-8994-1AAA9052E18D}.Debug|iPhoneSimulator.Build.0 = Debug|Any CPU
		{8FED764F-2F42-4CA6-8994-1AAA9052E18D}.Debug|iPhoneSimulator.Deploy.0 = Debug|Any CPU
		{8FED764F-2F42-4CA6-8994-1AAA9052E18D}.Release|Any CPU.ActiveCfg = Release|Any CPU
		{8FED764F-2F42-4CA6-8994-1AAA9052E18D}.Release|Any CPU.Build.0 = Release|Any CPU
		{8FED764F-2F42-4CA6-8994-1AAA9052E18D}.Release|Any CPU.Deploy.0 = Release|Any CPU
		{8FED764F-2F42-4CA6-8994-1AAA9052E18D}.Release|iPhone.ActiveCfg = Release|Any CPU
		{8FED764F-2F42-4CA6-8994-1AAA9052E18D}.Release|iPhone.Build.0 = Release|Any CPU
		{8FED764F-2F42-4CA6-8994-1AAA9052E18D}.Release|iPhone.Deploy.0 = Release|Any CPU
		{8FED764F-2F42-4CA6-8994-1AAA9052E18D}.Release|iPhoneSimulator.ActiveCfg = Release|Any CPU
		{8FED764F-2F42-4CA6-8994-1AAA9052E18D}.Release|iPhoneSimulator.Build.0 = Release|Any CPU
		{8FED764F-2F42-4CA6-8994-1AAA9052E18D}.Release|iPhoneSimulator.Deploy.0 = Release|Any CPU
		{A1DDD36E-2BF1-4D2F-BC87-4BBA5C643EC6}.Debug|Any CPU.ActiveCfg = Debug|iPhoneSimulator
		{A1DDD36E-2BF1-4D2F-BC87-4BBA5C643EC6}.Debug|Any CPU.Build.0 = Debug|iPhoneSimulator
		{A1DDD36E-2BF1-4D2F-BC87-4BBA5C643EC6}.Debug|Any CPU.Deploy.0 = Debug|iPhoneSimulator
		{A1DDD36E-2BF1-4D2F-BC87-4BBA5C643EC6}.Debug|iPhone.ActiveCfg = Debug|iPhone
		{A1DDD36E-2BF1-4D2F-BC87-4BBA5C643EC6}.Debug|iPhone.Build.0 = Debug|iPhone
		{A1DDD36E-2BF1-4D2F-BC87-4BBA5C643EC6}.Debug|iPhone.Deploy.0 = Debug|iPhone
		{A1DDD36E-2BF1-4D2F-BC87-4BBA5C643EC6}.Debug|iPhoneSimulator.ActiveCfg = Debug|iPhoneSimulator
		{A1DDD36E-2BF1-4D2F-BC87-4BBA5C643EC6}.Debug|iPhoneSimulator.Build.0 = Debug|iPhoneSimulator
		{A1DDD36E-2BF1-4D2F-BC87-4BBA5C643EC6}.Debug|iPhoneSimulator.Deploy.0 = Debug|iPhoneSimulator
		{A1DDD36E-2BF1-4D2F-BC87-4BBA5C643EC6}.Release|Any CPU.ActiveCfg = Release|iPhone
		{A1DDD36E-2BF1-4D2F-BC87-4BBA5C643EC6}.Release|Any CPU.Build.0 = Release|iPhone
		{A1DDD36E-2BF1-4D2F-BC87-4BBA5C643EC6}.Release|Any CPU.Deploy.0 = Release|iPhone
		{A1DDD36E-2BF1-4D2F-BC87-4BBA5C643EC6}.Release|iPhone.ActiveCfg = Release|iPhone
		{A1DDD36E-2BF1-4D2F-BC87-4BBA5C643EC6}.Release|iPhone.Build.0 = Release|iPhone
		{A1DDD36E-2BF1-4D2F-BC87-4BBA5C643EC6}.Release|iPhone.Deploy.0 = Release|iPhone
		{A1DDD36E-2BF1-4D2F-BC87-4BBA5C643EC6}.Release|iPhoneSimulator.ActiveCfg = Release|iPhoneSimulator
		{A1DDD36E-2BF1-4D2F-BC87-4BBA5C643EC6}.Release|iPhoneSimulator.Build.0 = Release|iPhoneSimulator
		{A1DDD36E-2BF1-4D2F-BC87-4BBA5C643EC6}.Release|iPhoneSimulator.Deploy.0 = Release|iPhoneSimulator
		{6D7E49D8-4FAE-4FF4-88C2-099B312A3AEF}.Debug|Any CPU.ActiveCfg = Debug|Any CPU
		{6D7E49D8-4FAE-4FF4-88C2-099B312A3AEF}.Debug|Any CPU.Build.0 = Debug|Any CPU
		{6D7E49D8-4FAE-4FF4-88C2-099B312A3AEF}.Debug|Any CPU.Deploy.0 = Debug|Any CPU
		{6D7E49D8-4FAE-4FF4-88C2-099B312A3AEF}.Debug|iPhone.ActiveCfg = Debug|Any CPU
		{6D7E49D8-4FAE-4FF4-88C2-099B312A3AEF}.Debug|iPhone.Build.0 = Debug|Any CPU
		{6D7E49D8-4FAE-4FF4-88C2-099B312A3AEF}.Debug|iPhone.Deploy.0 = Debug|Any CPU
		{6D7E49D8-4FAE-4FF4-88C2-099B312A3AEF}.Debug|iPhoneSimulator.ActiveCfg = Debug|Any CPU
		{6D7E49D8-4FAE-4FF4-88C2-099B312A3AEF}.Debug|iPhoneSimulator.Build.0 = Debug|Any CPU
		{6D7E49D8-4FAE-4FF4-88C2-099B312A3AEF}.Debug|iPhoneSimulator.Deploy.0 = Debug|Any CPU
		{6D7E49D8-4FAE-4FF4-88C2-099B312A3AEF}.Release|Any CPU.ActiveCfg = Release|Any CPU
		{6D7E49D8-4FAE-4FF4-88C2-099B312A3AEF}.Release|Any CPU.Build.0 = Release|Any CPU
		{6D7E49D8-4FAE-4FF4-88C2-099B312A3AEF}.Release|Any CPU.Deploy.0 = Release|Any CPU
		{6D7E49D8-4FAE-4FF4-88C2-099B312A3AEF}.Release|iPhone.ActiveCfg = Release|Any CPU
		{6D7E49D8-4FAE-4FF4-88C2-099B312A3AEF}.Release|iPhone.Build.0 = Release|Any CPU
		{6D7E49D8-4FAE-4FF4-88C2-099B312A3AEF}.Release|iPhone.Deploy.0 = Release|Any CPU
		{6D7E49D8-4FAE-4FF4-88C2-099B312A3AEF}.Release|iPhoneSimulator.ActiveCfg = Release|Any CPU
		{6D7E49D8-4FAE-4FF4-88C2-099B312A3AEF}.Release|iPhoneSimulator.Build.0 = Release|Any CPU
		{6D7E49D8-4FAE-4FF4-88C2-099B312A3AEF}.Release|iPhoneSimulator.Deploy.0 = Release|Any CPU
	EndGlobalSection
	GlobalSection(SolutionProperties) = preSolution
		HideSolutionNode = FALSE
	EndGlobalSection
	GlobalSection(ExtensibilityGlobals) = postSolution
		SolutionGuid = {602F3FE4-7AD0-439B-BB61-545E5C424B2C}
	EndGlobalSection
EndGlobal
